
Microsoft Visual Studio Solution File, Format Version 12.00
# Visual Studio Version 16
VisualStudioVersion = 16.0.31402.337
MinimumVisualStudioVersion = 10.0.40219.1
Project("{FAE04EC0-301F-11D3-BF4B-00C04F79EFBC}") = "MvcMovie", "MvcMovie\MvcMovie.csproj", "{38C9B8F3-2C98-4B90-B84E-E57EC4D8ACE3}"
EndProject
Global
	GlobalSection(SolutionConfigurationPlatforms) = preSolution
		Debug|Any CPU = Debug|Any CPU
		Release|Any CPU = Release|Any CPU
	EndGlobalSection
	GlobalSection(ProjectConfigurationPlatforms) = postSolution
		{38C9B8F3-2C98-4B90-B84E-E57EC4D8ACE3}.Debug|Any CPU.ActiveCfg = Debug|Any CPU
		{38C9B8F3-2C98-4B90-B84E-E57EC4D8ACE3}.Debug|Any CPU.Build.0 = Debug|Any CPU
		{38C9B8F3-2C98-4B90-B84E-E57EC4D8ACE3}.Release|Any CPU.ActiveCfg = Release|Any CPU
		{38C9B8F3-2C98-4B90-B84E-E57EC4D8ACE3}.Release|Any CPU.Build.0 = Release|Any CPU
	EndGlobalSection
	GlobalSection(SolutionProperties) = preSolution
		HideSolutionNode = FALSE
	EndGlobalSection
	GlobalSection(ExtensibilityGlobals) = postSolution
		SolutionGuid = {E51BEF2A-070C-4C22-B2D4-3F1B572DC5F9}
	EndGlobalSection
EndGlobal
